<Solution>
  <Project Path="Tyuiu.AksenovFM.Sprint1.Task0.V16.Lib/Tyuiu.AksenovFM.Sprint1.Task0.V16.Lib.csproj" />
  <Project Path="Tyuiu.AksenovFM.Sprint1.Task0.V16.Test/Tyuiu.AksenovFM.Sprint1.Task0.V16.Test.csproj" />
  <Project Path="Tyuiu.AksenovFM.Sprint1.Task0.V16/Tyuiu.AksenovFM.Sprint1.Task0.V16.csproj" />
</Solution>
